
Microsoft Visual Studio Solution File, Format Version 12.00
# Visual Studio Version 17
VisualStudioVersion = 17.9.34714.143
MinimumVisualStudioVersion = 10.0.40219.1
Project("{FAE04EC0-301F-11D3-BF4B-00C04F79EFBC}") = "ConsoleApp4", "ConsoleApp4\ConsoleApp4.csproj", "{89DFEEAC-F89C-496A-A13A-F7C4D313EE98}"
EndProject
Global
	GlobalSection(SolutionConfigurationPlatforms) = preSolution
		Debug|Any CPU = Debug|Any CPU
		Release|Any CPU = Release|Any CPU
	EndGlobalSection
	GlobalSection(ProjectConfigurationPlatforms) = postSolution
		{89DFEEAC-F89C-496A-A13A-F7C4D313EE98}.Debug|Any CPU.ActiveCfg = Debug|Any CPU
		{89DFEEAC-F89C-496A-A13A-F7C4D313EE98}.Debug|Any CPU.Build.0 = Debug|Any CPU
		{89DFEEAC-F89C-496A-A13A-F7C4D313EE98}.Release|Any CPU.ActiveCfg = Release|Any CPU
		{89DFEEAC-F89C-496A-A13A-F7C4D313EE98}.Release|Any CPU.Build.0 = Release|Any CPU
	EndGlobalSection
	GlobalSection(SolutionProperties) = preSolution
		HideSolutionNode = FALSE
	EndGlobalSection
	GlobalSection(ExtensibilityGlobals) = postSolution
		SolutionGuid = {9C79CB05-E5B8-4319-A2E1-E026B87C1998}
	EndGlobalSection
EndGlobal
